<Solution>
  <Folder Name="/LibDeflate.NET/">
    <Project Path="LibDeflate.NET/src/Tomat.FNB.Deflate/Tomat.FNB.Deflate.csproj" />
  </Folder>
  <Project Path="Tomat.FNB.CLI/Tomat.FNB.CLI.csproj" />
  <Project Path="Tomat.FNB.Common/Tomat.FNB.Common.csproj" />
  <Project Path="Tomat.FNB.TMOD/Tomat.FNB.TMOD.csproj" />
</Solution>
